Microsoft Visual Studio Solution File, Format Version 12.00
# Visual Studio Version 17
VisualStudioVersion = 17.5.2.0
MinimumVisualStudioVersion = 10.0.40219.1
Project("{FAE04EC0-301F-11D3-BF4B-00C04F79EFBC}") = "WPFWeatherApp", "WPFWeatherApp.csproj", "{BD6572D8-15EB-FF29-5426-C3CD36E45127}"
EndProject
Global
	GlobalSection(SolutionConfigurationPlatforms) = preSolution
		Debug|Any CPU = Debug|Any CPU
		Release|Any CPU = Release|Any CPU
	EndGlobalSection
	GlobalSection(ProjectConfigurationPlatforms) = postSolution
		{BD6572D8-15EB-FF29-5426-C3CD36E45127}.Debug|Any CPU.ActiveCfg = Debug|Any CPU
		{BD6572D8-15EB-FF29-5426-C3CD36E45127}.Debug|Any CPU.Build.0 = Debug|Any CPU
		{BD6572D8-15EB-FF29-5426-C3CD36E45127}.Release|Any CPU.ActiveCfg = Release|Any CPU
		{BD6572D8-15EB-FF29-5426-C3CD36E45127}.Release|Any CPU.Build.0 = Release|Any CPU
	EndGlobalSection
	GlobalSection(SolutionProperties) = preSolution
		HideSolutionNode = FALSE
	EndGlobalSection
	GlobalSection(ExtensibilityGlobals) = postSolution
		SolutionGuid = {42C5651C-3E11-4FE0-ADD8-FF395D2673D5}
	EndGlobalSection
EndGlobal
